
Microsoft Visual Studio Solution File, Format Version 12.00
# Visual Studio Version 16
VisualStudioVersion = 16.0.33920.266
MinimumVisualStudioVersion = 10.0.40219.1
Project("{FAE04EC0-301F-11D3-BF4B-00C04F79EFBC}") = "Symbion", "Symbion\Symbion.csproj", "{CEAD5D16-42EF-45D8-A8B1-DB3D69609E29}"
EndProject
Project("{FAE04EC0-301F-11D3-BF4B-00C04F79EFBC}") = "Encapsulation1", "Encapsulation1\Encapsulation1.csproj", "{6EF47030-96EC-4848-B90B-77E7E73009F7}"
EndProject
Project("{FAE04EC0-301F-11D3-BF4B-00C04F79EFBC}") = "Abstraction1", "Abstraction1\Abstraction1.csproj", "{14041ECC-640E-4CCB-8A91-4D13C76E2E89}"
EndProject
Project("{FAE04EC0-301F-11D3-BF4B-00C04F79EFBC}") = "Activation1", "Activation1\Activation1.csproj", "{373EF688-3FA1-4961-99F0-3FFFFB860793}"
EndProject
Project("{FAE04EC0-301F-11D3-BF4B-00C04F79EFBC}") = "Symbion.Loggers", "Symbion.Loggers\Symbion.Loggers.csproj", "{A7970DAC-56F0-4F4A-8CFE-0DAE8E6F5568}"
EndProject
Project("{FAE04EC0-301F-11D3-BF4B-00C04F79EFBC}") = "Polymorphism1", "Polymorphism1\Polymorphism1.csproj", "{919E4E8E-01E0-4C7A-B3D4-E209811D5FB0}"
EndProject
Global
	GlobalSection(SolutionConfigurationPlatforms) = preSolution
		Debug|Any CPU = Debug|Any CPU
		Release|Any CPU = Release|Any CPU
	EndGlobalSection
	GlobalSection(ProjectConfigurationPlatforms) = postSolution
		{CEAD5D16-42EF-45D8-A8B1-DB3D69609E29}.Debug|Any CPU.ActiveCfg = Debug|Any CPU
		{CEAD5D16-42EF-45D8-A8B1-DB3D69609E29}.Debug|Any CPU.Build.0 = Debug|Any CPU
		{CEAD5D16-42EF-45D8-A8B1-DB3D69609E29}.Release|Any CPU.ActiveCfg = Release|Any CPU
		{CEAD5D16-42EF-45D8-A8B1-DB3D69609E29}.Release|Any CPU.Build.0 = Release|Any CPU
		{6EF47030-96EC-4848-B90B-77E7E73009F7}.Debug|Any CPU.ActiveCfg = Debug|Any CPU
		{6EF47030-96EC-4848-B90B-77E7E73009F7}.Debug|Any CPU.Build.0 = Debug|Any CPU
		{6EF47030-96EC-4848-B90B-77E7E73009F7}.Release|Any CPU.ActiveCfg = Release|Any CPU
		{6EF47030-96EC-4848-B90B-77E7E73009F7}.Release|Any CPU.Build.0 = Release|Any CPU
		{14041ECC-640E-4CCB-8A91-4D13C76E2E89}.Debug|Any CPU.ActiveCfg = Debug|Any CPU
		{14041ECC-640E-4CCB-8A91-4D13C76E2E89}.Debug|Any CPU.Build.0 = Debug|Any CPU
		{14041ECC-640E-4CCB-8A91-4D13C76E2E89}.Release|Any CPU.ActiveCfg = Release|Any CPU
		{14041ECC-640E-4CCB-8A91-4D13C76E2E89}.Release|Any CPU.Build.0 = Release|Any CPU
		{373EF688-3FA1-4961-99F0-3FFFFB860793}.Debug|Any CPU.ActiveCfg = Debug|Any CPU
		{373EF688-3FA1-4961-99F0-3FFFFB860793}.Debug|Any CPU.Build.0 = Debug|Any CPU
		{373EF688-3FA1-4961-99F0-3FFFFB860793}.Release|Any CPU.ActiveCfg = Release|Any CPU
		{373EF688-3FA1-4961-99F0-3FFFFB860793}.Release|Any CPU.Build.0 = Release|Any CPU
		{A7970DAC-56F0-4F4A-8CFE-0DAE8E6F5568}.Debug|Any CPU.ActiveCfg = Debug|Any CPU
		{A7970DAC-56F0-4F4A-8CFE-0DAE8E6F5568}.Debug|Any CPU.Build.0 = Debug|Any CPU
		{A7970DAC-56F0-4F4A-8CFE-0DAE8E6F5568}.Release|Any CPU.ActiveCfg = Release|Any CPU
		{A7970DAC-56F0-4F4A-8CFE-0DAE8E6F5568}.Release|Any CPU.Build.0 = Release|Any CPU
		{919E4E8E-01E0-4C7A-B3D4-E209811D5FB0}.Debug|Any CPU.ActiveCfg = Debug|Any CPU
		{919E4E8E-01E0-4C7A-B3D4-E209811D5FB0}.Debug|Any CPU.Build.0 = Debug|Any CPU
		{919E4E8E-01E0-4C7A-B3D4-E209811D5FB0}.Release|Any CPU.ActiveCfg = Release|Any CPU
		{919E4E8E-01E0-4C7A-B3D4-E209811D5FB0}.Release|Any CPU.Build.0 = Release|Any CPU
	EndGlobalSection
	GlobalSection(SolutionProperties) = preSolution
		HideSolutionNode = FALSE
	EndGlobalSection
	GlobalSection(ExtensibilityGlobals) = postSolution
		SolutionGuid = {AE38C2A0-0189-4466-A1FB-10CA66BC82C8}
	EndGlobalSection
EndGlobal
