
Microsoft Visual Studio Solution File, Format Version 12.00
# Visual Studio Version 16
VisualStudioVersion = 16.0.33920.266
MinimumVisualStudioVersion = 10.0.40219.1
Project("{FAE04EC0-301F-11D3-BF4B-00C04F79EFBC}") = "Symbion", "Symbion\Symbion.csproj", "{CEAD5D16-42EF-45D8-A8B1-DB3D69609E29}"
EndProject
Project("{FAE04EC0-301F-11D3-BF4B-00C04F79EFBC}") = "Symbion.Loggers", "Symbion.Loggers\Symbion.Loggers.csproj", "{A7970DAC-56F0-4F4A-8CFE-0DAE8E6F5568}"
EndProject
Project("{FAE04EC0-301F-11D3-BF4B-00C04F79EFBC}") = "SymBank.Banking", "SymBank.Banking\SymBank.Banking.csproj", "{5C1CEE53-6703-48E9-A452-CB05A832AAC3}"
EndProject
Project("{FAE04EC0-301F-11D3-BF4B-00C04F79EFBC}") = "SymBank", "SymBank\SymBank.csproj", "{4CA884A4-692B-4B6E-96E7-A02501A420D8}"
EndProject
Project("{FAE04EC0-301F-11D3-BF4B-00C04F79EFBC}") = "SymBank.Shared", "SymBank.Shared\SymBank.Shared.csproj", "{1065C179-D692-418D-91C9-3EE437605EE2}"
EndProject
Project("{FAE04EC0-301F-11D3-BF4B-00C04F79EFBC}") = "SymBank.Services", "SymBank.Services\SymBank.Services.csproj", "{3086053F-ABB6-4E9F-8CA4-E2F866210FA3}"
EndProject
Project("{FAE04EC0-301F-11D3-BF4B-00C04F79EFBC}") = "WCFClient1", "WCFClient1\WCFClient1.csproj", "{98BD318B-342F-4720-A4ED-849E930E7062}"
EndProject
Project("{FAE04EC0-301F-11D3-BF4B-00C04F79EFBC}") = "WCFHost1", "WCFHost1\WCFHost1.csproj", "{31BBD27E-FAC8-4E01-A409-36F211BC2EFE}"
EndProject
Project("{FAE04EC0-301F-11D3-BF4B-00C04F79EFBC}") = "WCFClient2", "WCFClient2\WCFClient2.csproj", "{371CB547-2DA7-475B-BE97-D8AC01BE3CFE}"
EndProject
Project("{FAE04EC0-301F-11D3-BF4B-00C04F79EFBC}") = "WCFHost2", "WCFHost2\WCFHost2.csproj", "{3D504D19-115A-4173-8C6E-B1909C30EECA}"
EndProject
Global
	GlobalSection(SolutionConfigurationPlatforms) = preSolution
		Debug|Any CPU = Debug|Any CPU
		Release|Any CPU = Release|Any CPU
	EndGlobalSection
	GlobalSection(ProjectConfigurationPlatforms) = postSolution
		{CEAD5D16-42EF-45D8-A8B1-DB3D69609E29}.Debug|Any CPU.ActiveCfg = Debug|Any CPU
		{CEAD5D16-42EF-45D8-A8B1-DB3D69609E29}.Debug|Any CPU.Build.0 = Debug|Any CPU
		{CEAD5D16-42EF-45D8-A8B1-DB3D69609E29}.Release|Any CPU.ActiveCfg = Release|Any CPU
		{CEAD5D16-42EF-45D8-A8B1-DB3D69609E29}.Release|Any CPU.Build.0 = Release|Any CPU
		{A7970DAC-56F0-4F4A-8CFE-0DAE8E6F5568}.Debug|Any CPU.ActiveCfg = Debug|Any CPU
		{A7970DAC-56F0-4F4A-8CFE-0DAE8E6F5568}.Debug|Any CPU.Build.0 = Debug|Any CPU
		{A7970DAC-56F0-4F4A-8CFE-0DAE8E6F5568}.Release|Any CPU.ActiveCfg = Release|Any CPU
		{A7970DAC-56F0-4F4A-8CFE-0DAE8E6F5568}.Release|Any CPU.Build.0 = Release|Any CPU
		{5C1CEE53-6703-48E9-A452-CB05A832AAC3}.Debug|Any CPU.ActiveCfg = Debug|Any CPU
		{5C1CEE53-6703-48E9-A452-CB05A832AAC3}.Debug|Any CPU.Build.0 = Debug|Any CPU
		{5C1CEE53-6703-48E9-A452-CB05A832AAC3}.Release|Any CPU.ActiveCfg = Release|Any CPU
		{5C1CEE53-6703-48E9-A452-CB05A832AAC3}.Release|Any CPU.Build.0 = Release|Any CPU
		{4CA884A4-692B-4B6E-96E7-A02501A420D8}.Debug|Any CPU.ActiveCfg = Debug|Any CPU
		{4CA884A4-692B-4B6E-96E7-A02501A420D8}.Debug|Any CPU.Build.0 = Debug|Any CPU
		{4CA884A4-692B-4B6E-96E7-A02501A420D8}.Release|Any CPU.ActiveCfg = Release|Any CPU
		{4CA884A4-692B-4B6E-96E7-A02501A420D8}.Release|Any CPU.Build.0 = Release|Any CPU
		{1065C179-D692-418D-91C9-3EE437605EE2}.Debug|Any CPU.ActiveCfg = Debug|Any CPU
		{1065C179-D692-418D-91C9-3EE437605EE2}.Debug|Any CPU.Build.0 = Debug|Any CPU
		{1065C179-D692-418D-91C9-3EE437605EE2}.Release|Any CPU.ActiveCfg = Release|Any CPU
		{1065C179-D692-418D-91C9-3EE437605EE2}.Release|Any CPU.Build.0 = Release|Any CPU
		{3086053F-ABB6-4E9F-8CA4-E2F866210FA3}.Debug|Any CPU.ActiveCfg = Debug|Any CPU
		{3086053F-ABB6-4E9F-8CA4-E2F866210FA3}.Debug|Any CPU.Build.0 = Debug|Any CPU
		{3086053F-ABB6-4E9F-8CA4-E2F866210FA3}.Release|Any CPU.ActiveCfg = Release|Any CPU
		{3086053F-ABB6-4E9F-8CA4-E2F866210FA3}.Release|Any CPU.Build.0 = Release|Any CPU
		{98BD318B-342F-4720-A4ED-849E930E7062}.Debug|Any CPU.ActiveCfg = Debug|Any CPU
		{98BD318B-342F-4720-A4ED-849E930E7062}.Debug|Any CPU.Build.0 = Debug|Any CPU
		{98BD318B-342F-4720-A4ED-849E930E7062}.Release|Any CPU.ActiveCfg = Release|Any CPU
		{98BD318B-342F-4720-A4ED-849E930E7062}.Release|Any CPU.Build.0 = Release|Any CPU
		{31BBD27E-FAC8-4E01-A409-36F211BC2EFE}.Debug|Any CPU.ActiveCfg = Debug|Any CPU
		{31BBD27E-FAC8-4E01-A409-36F211BC2EFE}.Debug|Any CPU.Build.0 = Debug|Any CPU
		{31BBD27E-FAC8-4E01-A409-36F211BC2EFE}.Release|Any CPU.ActiveCfg = Release|Any CPU
		{31BBD27E-FAC8-4E01-A409-36F211BC2EFE}.Release|Any CPU.Build.0 = Release|Any CPU
		{371CB547-2DA7-475B-BE97-D8AC01BE3CFE}.Debug|Any CPU.ActiveCfg = Debug|Any CPU
		{371CB547-2DA7-475B-BE97-D8AC01BE3CFE}.Debug|Any CPU.Build.0 = Debug|Any CPU
		{371CB547-2DA7-475B-BE97-D8AC01BE3CFE}.Release|Any CPU.ActiveCfg = Release|Any CPU
		{371CB547-2DA7-475B-BE97-D8AC01BE3CFE}.Release|Any CPU.Build.0 = Release|Any CPU
		{3D504D19-115A-4173-8C6E-B1909C30EECA}.Debug|Any CPU.ActiveCfg = Debug|Any CPU
		{3D504D19-115A-4173-8C6E-B1909C30EECA}.Debug|Any CPU.Build.0 = Debug|Any CPU
		{3D504D19-115A-4173-8C6E-B1909C30EECA}.Release|Any CPU.ActiveCfg = Release|Any CPU
		{3D504D19-115A-4173-8C6E-B1909C30EECA}.Release|Any CPU.Build.0 = Release|Any CPU
	EndGlobalSection
	GlobalSection(SolutionProperties) = preSolution
		HideSolutionNode = FALSE
	EndGlobalSection
	GlobalSection(ExtensibilityGlobals) = postSolution
		SolutionGuid = {AE38C2A0-0189-4466-A1FB-10CA66BC82C8}
	EndGlobalSection
EndGlobal
